
Microsoft Visual Studio Solution File, Format Version 12.00
# Visual Studio Version 16
VisualStudioVersion = 16.0.29519.181
MinimumVisualStudioVersion = 10.0.40219.1
Project("{FAE04EC0-301F-11D3-BF4B-00C04F79EFBC}") = "LtBookingSite", "LtBookingSite\LtBookingSite.csproj", "{5B503268-805F-4254-93B1-D6069AC805ED}"
EndProject
Global
	GlobalSection(SolutionConfigurationPlatforms) = preSolution
		Debug|Any CPU = Debug|Any CPU
		Release|Any CPU = Release|Any CPU
	EndGlobalSection
	GlobalSection(ProjectConfigurationPlatforms) = postSolution
		{5B503268-805F-4254-93B1-D6069AC805ED}.Debug|Any CPU.ActiveCfg = Debug|Any CPU
		{5B503268-805F-4254-93B1-D6069AC805ED}.Debug|Any CPU.Build.0 = Debug|Any CPU
		{5B503268-805F-4254-93B1-D6069AC805ED}.Release|Any CPU.ActiveCfg = Release|Any CPU
		{5B503268-805F-4254-93B1-D6069AC805ED}.Release|Any CPU.Build.0 = Release|Any CPU
	EndGlobalSection
	GlobalSection(SolutionProperties) = preSolution
		HideSolutionNode = FALSE
	EndGlobalSection
	GlobalSection(ExtensibilityGlobals) = postSolution
		SolutionGuid = {F64E8662-47E0-4642-83C2-940182D51BD9}
	EndGlobalSection
EndGlobal
